// !$*UTF8*$!
{
	archiveVersion = 1;
	classes = {
	};
	objectVersion = 56;
	objects = {

/* Begin PBXBuildFile section */
		1DDE491A0419C0527205E9A6 /* Pods_RealmDemo1.framework in Frameworks */ = {isa = PBXBuildFile; fileRef = 64F0807141BF5CAA7118313B /* Pods_RealmDemo1.framework */; };
		EF203C322B1EEA5D003E5C3F /* AppDelegate.swift in Sources */ = {isa = PBXBuildFile; fileRef = EF203C312B1EEA5D003E5C3F /* AppDelegate.swift */; };
		EF203C342B1EEA5D003E5C3F /* SceneDelegate.swift in Sources */ = {isa = PBXBuildFile; fileRef = EF203C332B1EEA5D003E5C3F /* SceneDelegate.swift */; };
		EF203C362B1EEA5D003E5C3F /* ViewController.swift in Sources */ = {isa = PBXBuildFile; fileRef = EF203C352B1EEA5D003E5C3F /* ViewController.swift */; };
		EF203C392B1EEA5D003E5C3F /* Main.storyboard in Resources */ = {isa = PBXBuildFile; fileRef = EF203C372B1EEA5D003E5C3F /* Main.storyboard */; };
		EF203C3B2B1EEA5D003E5C3F /* Assets.xcassets in Resources */ = {isa = PBXBuildFile; fileRef = EF203C3A2B1EEA5D003E5C3F /* Assets.xcassets */; };
		EF203C3E2B1EEA5D003E5C3F /* LaunchScreen.storyboard in Resources */ = {isa = PBXBuildFile; fileRef = EF203C3C2B1EEA5D003E5C3F /* LaunchScreen.storyboard */; };
		EF203C462B1F1F9D003E5C3F /* Response.json in Resources */ = {isa = PBXBuildFile; fileRef = EF203C452B1F1F9D003E5C3F /* Response.json */; };
		EF203C4A2B1F2336003E5C3F /* RealmEntity.swift in Sources */ = {isa = PBXBuildFile; fileRef = EF203C492B1F2336003E5C3F /* RealmEntity.swift */; };
		EF6032B42B20325500ECB9A7 /* PatientDetailsResponse.json in Resources */ = {isa = PBXBuildFile; fileRef = EF6032B32B20325500ECB9A7 /* PatientDetailsResponse.json */; };
		EF6032B62B203B0700ECB9A7 /* DatabaseHelper.swift in Sources */ = {isa = PBXBuildFile; fileRef = EF6032B52B203B0600ECB9A7 /* DatabaseHelper.swift */; };
		EF6032B82B20425C00ECB9A7 /* Realm+Extension.swift in Sources */ = {isa = PBXBuildFile; fileRef = EF6032B72B20425C00ECB9A7 /* Realm+Extension.swift */; };
/* End PBXBuildFile section */

/* Begin PBXFileReference section */
		64F0807141BF5CAA7118313B /* Pods_RealmDemo1.framework */ = {isa = PBXFileReference; explicitFileType = wrapper.framework; includeInIndex = 0; path = Pods_RealmDemo1.framework; sourceTree = BUILT_PRODUCTS_DIR; };
		71E3732615CF1B50EE077BEB /* Pods-RealmDemo1.release.xcconfig */ = {isa = PBXFileReference; includeInIndex = 1; lastKnownFileType = text.xcconfig; name = "Pods-RealmDemo1.release.xcconfig"; path = "Target Support Files/Pods-RealmDemo1/Pods-RealmDemo1.release.xcconfig"; sourceTree = "<group>"; };
		96C18C14D0CA847224C9F302 /* Pods-RealmDemo1.debug.xcconfig */ = {isa = PBXFileReference; includeInIndex = 1; lastKnownFileType = text.xcconfig; name = "Pods-RealmDemo1.debug.xcconfig"; path = "Target Support Files/Pods-RealmDemo1/Pods-RealmDemo1.debug.xcconfig"; sourceTree = "<group>"; };
		EF203C2E2B1EEA5D003E5C3F /* RealmDemo1.app */ = {isa = PBXFileReference; explicitFileType = wrapper.application; includeInIndex = 0; path = RealmDemo1.app; sourceTree = BUILT_PRODUCTS_DIR; };
		EF203C312B1EEA5D003E5C3F /* AppDelegate.swift */ = {isa = PBXFileReference; lastKnownFileType = sourcecode.swift; path = AppDelegate.swift; sourceTree = "<group>"; };
		EF203C332B1EEA5D003E5C3F /* SceneDelegate.swift */ = {isa = PBXFileReference; lastKnownFileType = sourcecode.swift; path = SceneDelegate.swift; sourceTree = "<group>"; };
		EF203C352B1EEA5D003E5C3F /* ViewController.swift */ = {isa = PBXFileReference; lastKnownFileType = sourcecode.swift; path = ViewController.swift; sourceTree = "<group>"; };
		EF203C382B1EEA5D003E5C3F /* Base */ = {isa = PBXFileReference; lastKnownFileType = file.storyboard; name = Base; path = Base.lproj/Main.storyboard; sourceTree = "<group>"; };
		EF203C3A2B1EEA5D003E5C3F /* Assets.xcassets */ = {isa = PBXFileReference; lastKnownFileType = folder.assetcatalog; path = Assets.xcassets; sourceTree = "<group>"; };
		EF203C3D2B1EEA5D003E5C3F /* Base */ = {isa = PBXFileReference; lastKnownFileType = file.storyboard; name = Base; path = Base.lproj/LaunchScreen.storyboard; sourceTree = "<group>"; };
		EF203C3F2B1EEA5D003E5C3F /* Info.plist */ = {isa = PBXFileReference; lastKnownFileType = text.plist.xml; path = Info.plist; sourceTree = "<group>"; };
		EF203C452B1F1F9D003E5C3F /* Response.json */ = {isa = PBXFileReference; lastKnownFileType = text.json; path = Response.json; sourceTree = "<group>"; xcLanguageSpecificationIdentifier = xcode.lang.json; };
		EF203C492B1F2336003E5C3F /* RealmEntity.swift */ = {isa = PBXFileReference; lastKnownFileType = sourcecode.swift; path = RealmEntity.swift; sourceTree = "<group>"; };
		EF6032B32B20325500ECB9A7 /* PatientDetailsResponse.json */ = {isa = PBXFileReference; lastKnownFileType = text.json; path = PatientDetailsResponse.json; sourceTree = "<group>"; };
		EF6032B52B203B0600ECB9A7 /* DatabaseHelper.swift */ = {isa = PBXFileReference; fileEncoding = 4; lastKnownFileType = sourcecode.swift; path = DatabaseHelper.swift; sourceTree = "<group>"; };
		EF6032B72B20425C00ECB9A7 /* Realm+Extension.swift */ = {isa = PBXFileReference; lastKnownFileType = sourcecode.swift; path = "Realm+Extension.swift"; sourceTree = "<group>"; };
/* End PBXFileReference section */

/* Begin PBXFrameworksBuildPhase section */
		EF203C2B2B1EEA5D003E5C3F /* Frameworks */ = {
			isa = PBXFrameworksBuildPhase;
			buildActionMask = 2147483647;
			files = (
				1DDE491A0419C0527205E9A6 /* Pods_RealmDemo1.framework in Frameworks */,
			);
			runOnlyForDeploymentPostprocessing = 0;
		};
/* End PBXFrameworksBuildPhase section */

/* Begin PBXGroup section */
		2952D9BD926CF498AA124C5D /* Frameworks */ = {
			isa = PBXGroup;
			children = (
				64F0807141BF5CAA7118313B /* Pods_RealmDemo1.framework */,
			);
			name = Frameworks;
			sourceTree = "<group>";
		};
		83B7478B9D695DD455C67FBA /* Pods */ = {
			isa = PBXGroup;
			children = (
				96C18C14D0CA847224C9F302 /* Pods-RealmDemo1.debug.xcconfig */,
				71E3732615CF1B50EE077BEB /* Pods-RealmDemo1.release.xcconfig */,
			);
			path = Pods;
			sourceTree = "<group>";
		};
		EF203C252B1EEA5D003E5C3F = {
			isa = PBXGroup;
			children = (
				EF203C302B1EEA5D003E5C3F /* RealmDemo1 */,
				EF203C2F2B1EEA5D003E5C3F /* Products */,
				83B7478B9D695DD455C67FBA /* Pods */,
				2952D9BD926CF498AA124C5D /* Frameworks */,
			);
			sourceTree = "<group>";
		};
		EF203C2F2B1EEA5D003E5C3F /* Products */ = {
			isa = PBXGroup;
			children = (
				EF203C2E2B1EEA5D003E5C3F /* RealmDemo1.app */,
			);
			name = Products;
			sourceTree = "<group>";
		};
		EF203C302B1EEA5D003E5C3F /* RealmDemo1 */ = {
			isa = PBXGroup;
			children = (
				EF203C312B1EEA5D003E5C3F /* AppDelegate.swift */,
				EF203C332B1EEA5D003E5C3F /* SceneDelegate.swift */,
				EF203C352B1EEA5D003E5C3F /* ViewController.swift */,
				EF203C492B1F2336003E5C3F /* RealmEntity.swift */,
				EF6032B52B203B0600ECB9A7 /* DatabaseHelper.swift */,
				EF6032B72B20425C00ECB9A7 /* Realm+Extension.swift */,
				EF203C452B1F1F9D003E5C3F /* Response.json */,
				EF6032B32B20325500ECB9A7 /* PatientDetailsResponse.json */,
				EF203C372B1EEA5D003E5C3F /* Main.storyboard */,
				EF203C3A2B1EEA5D003E5C3F /* Assets.xcassets */,
				EF203C3C2B1EEA5D003E5C3F /* LaunchScreen.storyboard */,
				EF203C3F2B1EEA5D003E5C3F /* Info.plist */,
			);
			path = RealmDemo1;
			sourceTree = "<group>";
		};
/* End PBXGroup section */

/* Begin PBXNativeTarget section */
		EF203C2D2B1EEA5D003E5C3F /* RealmDemo1 */ = {
			isa = PBXNativeTarget;
			buildConfigurationList = EF203C422B1EEA5D003E5C3F /* Build configuration list for PBXNativeTarget "RealmDemo1" */;
			buildPhases = (
				616ED4625F5D2A789A6B4CBA /* [CP] Check Pods Manifest.lock */,
				EF203C2A2B1EEA5D003E5C3F /* Sources */,
				EF203C2B2B1EEA5D003E5C3F /* Frameworks */,
				EF203C2C2B1EEA5D003E5C3F /* Resources */,
				E2DF217F7779D764DAF55F01 /* [CP] Embed Pods Frameworks */,
			);
			buildRules = (
			);
			dependencies = (
			);
			name = RealmDemo1;
			productName = RealmDemo1;
			productReference = EF203C2E2B1EEA5D003E5C3F /* RealmDemo1.app */;
			productType = "com.apple.product-type.application";
		};
/* End PBXNativeTarget section */

/* Begin PBXProject section */
		EF203C262B1EEA5D003E5C3F /* Project object */ = {
			isa = PBXProject;
			attributes = {
				BuildIndependentTargetsInParallel = 1;
				LastSwiftUpdateCheck = 1430;
				LastUpgradeCheck = 1430;
				TargetAttributes = {
					EF203C2D2B1EEA5D003E5C3F = {
						CreatedOnToolsVersion = 14.3.1;
					};
				};
			};
			buildConfigurationList = EF203C292B1EEA5D003E5C3F /* Build configuration list for PBXProject "RealmDemo1" */;
			compatibilityVersion = "Xcode 14.0";
			developmentRegion = en;
			hasScannedForEncodings = 0;
			knownRegions = (
				en,
				Base,
			);
			mainGroup = EF203C252B1EEA5D003E5C3F;
			productRefGroup = EF203C2F2B1EEA5D003E5C3F /* Products */;
			projectDirPath = "";
			projectRoot = "";
			targets = (
				EF203C2D2B1EEA5D003E5C3F /* RealmDemo1 */,
			);
		};
/* End PBXProject section */

/* Begin PBXResourcesBuildPhase section */
		EF203C2C2B1EEA5D003E5C3F /* Resources */ = {
			isa = PBXResourcesBuildPhase;
			buildActionMask = 2147483647;
			files = (
				EF203C462B1F1F9D003E5C3F /* Response.json in Resources */,
				EF6032B42B20325500ECB9A7 /* PatientDetailsResponse.json in Resources */,
				EF203C3E2B1EEA5D003E5C3F /* LaunchScreen.storyboard in Resources */,
				EF203C3B2B1EEA5D003E5C3F /* Assets.xcassets in Resources */,
				EF203C392B1EEA5D003E5C3F /* Main.storyboard in Resources */,
			);
			runOnlyForDeploymentPostprocessing = 0;
		};
/* End PBXResourcesBuildPhase section */

/* Begin PBXShellScriptBuildPhase section */
		616ED4625F5D2A789A6B4CBA /* [CP] Check Pods Manifest.lock */ = {
			isa = PBXShellScriptBuildPhase;
			buildActionMask = 2147483647;
			files = (
			);
			inputFileListPaths = (
			);
			inputPaths = (
				"${PODS_PODFILE_DIR_PATH}/Podfile.lock",
				"${PODS_ROOT}/Manifest.lock",
			);
			name = "[CP] Check Pods Manifest.lock";
			outputFileListPaths = (
			);
			outputPaths = (
				"$(DERIVED_FILE_DIR)/Pods-RealmDemo1-checkManifestLockResult.txt",
			);
			runOnlyForDeploymentPostprocessing = 0;
			shellPath = /bin/sh;
			shellScript = "diff \"${PODS_PODFILE_DIR_PATH}/Podfile.lock\" \"${PODS_ROOT}/Manifest.lock\" > /dev/null\nif [ $? != 0 ] ; then\n    # print error to STDERR\n    echo \"error: The sandbox is not in sync with the Podfile.lock. Run 'pod install' or update your CocoaPods installation.\" >&2\n    exit 1\nfi\n# This output is used by Xcode 'outputs' to avoid re-running this script phase.\necho \"SUCCESS\" > \"${SCRIPT_OUTPUT_FILE_0}\"\n";
			showEnvVarsInLog = 0;
		};
		E2DF217F7779D764DAF55F01 /* [CP] Embed Pods Frameworks */ = {
			isa = PBXShellScriptBuildPhase;
			buildActionMask = 2147483647;
			files = (
			);
			inputFileListPaths = (
				"${PODS_ROOT}/Target Support Files/Pods-RealmDemo1/Pods-RealmDemo1-frameworks-${CONFIGURATION}-input-files.xcfilelist",
			);
			name = "[CP] Embed Pods Frameworks";
			outputFileListPaths = (
				"${PODS_ROOT}/Target Support Files/Pods-RealmDemo1/Pods-RealmDemo1-frameworks-${CONFIGURATION}-output-files.xcfilelist",
			);
			runOnlyForDeploymentPostprocessing = 0;
			shellPath = /bin/sh;
			shellScript = "\"${PODS_ROOT}/Target Support Files/Pods-RealmDemo1/Pods-RealmDemo1-frameworks.sh\"\n";
			showEnvVarsInLog = 0;
		};
/* End PBXShellScriptBuildPhase section */

/* Begin PBXSourcesBuildPhase section */
		EF203C2A2B1EEA5D003E5C3F /* Sources */ = {
			isa = PBXSourcesBuildPhase;
			buildActionMask = 2147483647;
			files = (
				EF203C362B1EEA5D003E5C3F /* ViewController.swift in Sources */,
				EF6032B62B203B0700ECB9A7 /* DatabaseHelper.swift in Sources */,
				EF203C322B1EEA5D003E5C3F /* AppDelegate.swift in Sources */,
				EF6032B82B20425C00ECB9A7 /* Realm+Extension.swift in Sources */,
				EF203C342B1EEA5D003E5C3F /* SceneDelegate.swift in Sources */,
				EF203C4A2B1F2336003E5C3F /* RealmEntity.swift in Sources */,
			);
			runOnlyForDeploymentPostprocessing = 0;
		};
/* End PBXSourcesBuildPhase section */

/* Begin PBXVariantGroup section */
		EF203C372B1EEA5D003E5C3F /* Main.storyboard */ = {
			isa = PBXVariantGroup;
			children = (
				EF203C382B1EEA5D003E5C3F /* Base */,
			);
			name = Main.storyboard;
			sourceTree = "<group>";
		};
		EF203C3C2B1EEA5D003E5C3F /* LaunchScreen.storyboard */ = {
			isa = PBXVariantGroup;
			children = (
				EF203C3D2B1EEA5D003E5C3F /* Base */,
			);
			name = LaunchScreen.storyboard;
			sourceTree = "<group>";
		};
/* End PBXVariantGroup section */

/* Begin XCBuildConfiguration section */
		EF203C402B1EEA5D003E5C3F /* Debug */ = {
			isa = XCBuildConfiguration;
			buildSettings = {
				ALWAYS_SEARCH_USER_PATHS = NO;
				CLANG_ANALYZER_NONNULL = YES;
				CLANG_ANALYZER_NUMBER_OBJECT_CONVERSION = YES_AGGRESSIVE;
				CLANG_CXX_LANGUAGE_STANDARD = "gnu++20";
				CLANG_ENABLE_MODULES = YES;
				CLANG_ENABLE_OBJC_ARC = YES;
				CLANG_ENABLE_OBJC_WEAK = YES;
				CLANG_WARN_BLOCK_CAPTURE_AUTORELEASING = YES;
				CLANG_WARN_BOOL_CONVERSION = YES;
				CLANG_WARN_COMMA = YES;
				CLANG_WARN_CONSTANT_CONVERSION = YES;
				CLANG_WARN_DEPRECATED_OBJC_IMPLEMENTATIONS = YES;
				CLANG_WARN_DIRECT_OBJC_ISA_USAGE = YES_ERROR;
				CLANG_WARN_DOCUMENTATION_COMMENTS = YES;
				CLANG_WARN_EMPTY_BODY = YES;
				CLANG_WARN_ENUM_CONVERSION = YES;
				CLANG_WARN_INFINITE_RECURSION = YES;
				CLANG_WARN_INT_CONVERSION = YES;
				CLANG_WARN_NON_LITERAL_NULL_CONVERSION = YES;
				CLANG_WARN_OBJC_IMPLICIT_RETAIN_SELF = YES;
				CLANG_WARN_OBJC_LITERAL_CONVERSION = YES;
				CLANG_WARN_OBJC_ROOT_CLASS = YES_ERROR;
				CLANG_WARN_QUOTED_INCLUDE_IN_FRAMEWORK_HEADER = YES;
				CLANG_WARN_RANGE_LOOP_ANALYSIS = YES;
				CLANG_WARN_STRICT_PROTOTYPES = YES;
				CLANG_WARN_SUSPICIOUS_MOVE = YES;
				CLANG_WARN_UNGUARDED_AVAILABILITY = YES_AGGRESSIVE;
				CLANG_WARN_UNREACHABLE_CODE = YES;
				CLANG_WARN__DUPLICATE_METHOD_MATCH = YES;
				COPY_PHASE_STRIP = NO;
				DEBUG_INFORMATION_FORMAT = dwarf;
				ENABLE_STRICT_OBJC_MSGSEND = YES;
				ENABLE_TESTABILITY = YES;
				GCC_C_LANGUAGE_STANDARD = gnu11;
				GCC_DYNAMIC_NO_PIC = NO;
				GCC_NO_COMMON_BLOCKS = YES;
				GCC_OPTIMIZATION_LEVEL = 0;
				GCC_PREPROCESSOR_DEFINITIONS = (
					"DEBUG=1",
					"$(inherited)",
				);
				GCC_WARN_64_TO_32_BIT_CONVERSION = YES;
				GCC_WARN_ABOUT_RETURN_TYPE = YES_ERROR;
				GCC_WARN_UNDECLARED_SELECTOR = YES;
				GCC_WARN_UNINITIALIZED_AUTOS = YES_AGGRESSIVE;
				GCC_WARN_UNUSED_FUNCTION = YES;
				GCC_WARN_UNUSED_VARIABLE = YES;
				IPHONEOS_DEPLOYMENT_TARGET = 14.0;
				MTL_ENABLE_DEBUG_INFO = INCLUDE_SOURCE;
				MTL_FAST_MATH = YES;
				ONLY_ACTIVE_ARCH = YES;
				SDKROOT = iphoneos;
				SWIFT_ACTIVE_COMPILATION_CONDITIONS = DEBUG;
				SWIFT_OPTIMIZATION_LEVEL = "-Onone";
			};
			name = Debug;
		};
		EF203C412B1EEA5D003E5C3F /* Release */ = {
			isa = XCBuildConfiguration;
			buildSettings = {
				ALWAYS_SEARCH_USER_PATHS = NO;
				CLANG_ANALYZER_NONNULL = YES;
				CLANG_ANALYZER_NUMBER_OBJECT_CONVERSION = YES_AGGRESSIVE;
				CLANG_CXX_LANGUAGE_STANDARD = "gnu++20";
				CLANG_ENABLE_MODULES = YES;
				CLANG_ENABLE_OBJC_ARC = YES;
				CLANG_ENABLE_OBJC_WEAK = YES;
				CLANG_WARN_BLOCK_CAPTURE_AUTORELEASING = YES;
				CLANG_WARN_BOOL_CONVERSION = YES;
				CLANG_WARN_COMMA = YES;
				CLANG_WARN_CONSTANT_CONVERSION = YES;
				CLANG_WARN_DEPRECATED_OBJC_IMPLEMENTATIONS = YES;
				CLANG_WARN_DIRECT_OBJC_ISA_USAGE = YES_ERROR;
				CLANG_WARN_DOCUMENTATION_COMMENTS = YES;
				CLANG_WARN_EMPTY_BODY = YES;
				CLANG_WARN_ENUM_CONVERSION = YES;
				CLANG_WARN_INFINITE_RECURSION = YES;
				CLANG_WARN_INT_CONVERSION = YES;
				CLANG_WARN_NON_LITERAL_NULL_CONVERSION = YES;
				CLANG_WARN_OBJC_IMPLICIT_RETAIN_SELF = YES;
				CLANG_WARN_OBJC_LITERAL_CONVERSION = YES;
				CLANG_WARN_OBJC_ROOT_CLASS = YES_ERROR;
				CLANG_WARN_QUOTED_INCLUDE_IN_FRAMEWORK_HEADER = YES;
				CLANG_WARN_RANGE_LOOP_ANALYSIS = YES;
				CLANG_WARN_STRICT_PROTOTYPES = YES;
				CLANG_WARN_SUSPICIOUS_MOVE = YES;
				CLANG_WARN_UNGUARDED_AVAILABILITY = YES_AGGRESSIVE;
				CLANG_WARN_UNREACHABLE_CODE = YES;
				CLANG_WARN__DUPLICATE_METHOD_MATCH = YES;
				COPY_PHASE_STRIP = NO;
				DEBUG_INFORMATION_FORMAT = "dwarf-with-dsym";
				ENABLE_NS_ASSERTIONS = NO;
				ENABLE_STRICT_OBJC_MSGSEND = YES;
				GCC_C_LANGUAGE_STANDARD = gnu11;
				GCC_NO_COMMON_BLOCKS = YES;
				GCC_WARN_64_TO_32_BIT_CONVERSION = YES;
				GCC_WARN_ABOUT_RETURN_TYPE = YES_ERROR;
				GCC_WARN_UNDECLARED_SELECTOR = YES;
				GCC_WARN_UNINITIALIZED_AUTOS = YES_AGGRESSIVE;
				GCC_WARN_UNUSED_FUNCTION = YES;
				GCC_WARN_UNUSED_VARIABLE = YES;
				IPHONEOS_DEPLOYMENT_TARGET = 14.0;
				MTL_ENABLE_DEBUG_INFO = NO;
				MTL_FAST_MATH = YES;
				SDKROOT = iphoneos;
				SWIFT_COMPILATION_MODE = wholemodule;
				SWIFT_OPTIMIZATION_LEVEL = "-O";
				VALIDATE_PRODUCT = YES;
			};
			name = Release;
		};
		EF203C432B1EEA5D003E5C3F /* Debug */ = {
			isa = XCBuildConfiguration;
			baseConfigurationReference = 96C18C14D0CA847224C9F302 /* Pods-RealmDemo1.debug.xcconfig */;
			buildSettings = {
				ASSETCATALOG_COMPILER_APPICON_NAME = AppIcon;
				ASSETCATALOG_COMPILER_GLOBAL_ACCENT_COLOR_NAME = AccentColor;
				CODE_SIGN_STYLE = Automatic;
				CURRENT_PROJECT_VERSION = 1;
				DEVELOPMENT_TEAM = A4DDR234XH;
				EXCLUDED_ARCHS = "";
				GENERATE_INFOPLIST_FILE = YES;
				INFOPLIST_FILE = RealmDemo1/Info.plist;
				INFOPLIST_KEY_UIApplicationSupportsIndirectInputEvents = YES;
				INFOPLIST_KEY_UILaunchStoryboardName = LaunchScreen;
				INFOPLIST_KEY_UIMainStoryboardFile = Main;
				INFOPLIST_KEY_UISupportedInterfaceOrientations_iPad = "UIInterfaceOrientationPortrait UIInterfaceOrientationPortraitUpsideDown UIInterfaceOrientationLandscapeLeft UIInterfaceOrientationLandscapeRight";
				INFOPLIST_KEY_UISupportedInterfaceOrientations_iPhone = "UIInterfaceOrientationPortrait UIInterfaceOrientationLandscapeLeft UIInterfaceOrientationLandscapeRight";
				LD_RUNPATH_SEARCH_PATHS = (
					"$(inherited)",
					"@executable_path/Frameworks",
				);
				MARKETING_VERSION = 1.0;
				PRODUCT_BUNDLE_IDENTIFIER = creliohealth.RealmDemo1;
				PRODUCT_NAME = "$(TARGET_NAME)";
				SWIFT_EMIT_LOC_STRINGS = YES;
				SWIFT_VERSION = 5.0;
				TARGETED_DEVICE_FAMILY = "1,2";
			};
			name = Debug;
		};
		EF203C442B1EEA5D003E5C3F /* Release */ = {
			isa = XCBuildConfiguration;
			baseConfigurationReference = 71E3732615CF1B50EE077BEB /* Pods-RealmDemo1.release.xcconfig */;
			buildSettings = {
				ASSETCATALOG_COMPILER_APPICON_NAME = AppIcon;
				ASSETCATALOG_COMPILER_GLOBAL_ACCENT_COLOR_NAME = AccentColor;
				CODE_SIGN_STYLE = Automatic;
				CURRENT_PROJECT_VERSION = 1;
				DEVELOPMENT_TEAM = A4DDR234XH;
				GENERATE_INFOPLIST_FILE = YES;
				INFOPLIST_FILE = RealmDemo1/Info.plist;
				INFOPLIST_KEY_UIApplicationSupportsIndirectInputEvents = YES;
				INFOPLIST_KEY_UILaunchStoryboardName = LaunchScreen;
				INFOPLIST_KEY_UIMainStoryboardFile = Main;
				INFOPLIST_KEY_UISupportedInterfaceOrientations_iPad = "UIInterfaceOrientationPortrait UIInterfaceOrientationPortraitUpsideDown UIInterfaceOrientationLandscapeLeft UIInterfaceOrientationLandscapeRight";
				INFOPLIST_KEY_UISupportedInterfaceOrientations_iPhone = "UIInterfaceOrientationPortrait UIInterfaceOrientationLandscapeLeft UIInterfaceOrientationLandscapeRight";
				LD_RUNPATH_SEARCH_PATHS = (
					"$(inherited)",
					"@executable_path/Frameworks",
				);
				MARKETING_VERSION = 1.0;
				PRODUCT_BUNDLE_IDENTIFIER = creliohealth.RealmDemo1;
				PRODUCT_NAME = "$(TARGET_NAME)";
				SWIFT_EMIT_LOC_STRINGS = YES;
				SWIFT_VERSION = 5.0;
				TARGETED_DEVICE_FAMILY = "1,2";
			};
			name = Release;
		};
/* End XCBuildConfiguration section */

/* Begin XCConfigurationList section */
		EF203C292B1EEA5D003E5C3F /* Build configuration list for PBXProject "RealmDemo1" */ = {
			isa = XCConfigurationList;
			buildConfigurations = (
				EF203C402B1EEA5D003E5C3F /* Debug */,
				EF203C412B1EEA5D003E5C3F /* Release */,
			);
			defaultConfigurationIsVisible = 0;
			defaultConfigurationName = Release;
		};
		EF203C422B1EEA5D003E5C3F /* Build configuration list for PBXNativeTarget "RealmDemo1" */ = {
			isa = XCConfigurationList;
			buildConfigurations = (
				EF203C432B1EEA5D003E5C3F /* Debug */,
				EF203C442B1EEA5D003E5C3F /* Release */,
			);
			defaultConfigurationIsVisible = 0;
			defaultConfigurationName = Release;
		};
/* End XCConfigurationList section */
	};
	rootObject = EF203C262B1EEA5D003E5C3F /* Project object */;
}
